
Microsoft Visual Studio Solution File, Format Version 12.00
# Visual Studio Version 17
VisualStudioVersion = 17.5.002.0
MinimumVisualStudioVersion = 10.0.40219.1
Project("{2150E333-8FDC-42A3-9474-1A3956D46DE8}") = "csharp-prep", "csharp-prep", "{A733700C-142B-4F5D-B08F-D4EB08BFDC33}"
EndProject
Project("{9A19103F-16F7-4668-BE54-9A1E7A4F7556}") = "Prep1", "csharp-prep\Prep1\Prep1.csproj", "{A0ADF508-AB1F-4016-A19A-A313A826BF16}"
EndProject
Project("{9A19103F-16F7-4668-BE54-9A1E7A4F7556}") = "Prep2", "csharp-prep\Prep2\Prep2.csproj", "{E5C93183-BE2B-4C74-AC74-F8E64A94BA29}"
EndProject
Project("{9A19103F-16F7-4668-BE54-9A1E7A4F7556}") = "Prep3", "csharp-prep\Prep3\Prep3.csproj", "{3A155BC4-86DA-4CE0-8CC7-85D5A913868D}"
EndProject
Project("{9A19103F-16F7-4668-BE54-9A1E7A4F7556}") = "Prep4", "csharp-prep\Prep4\Prep4.csproj", "{27A4D9D4-AA8A-45CD-A16A-A8D459DD462A}"
EndProject
Project("{9A19103F-16F7-4668-BE54-9A1E7A4F7556}") = "Prep5", "csharp-prep\Prep5\Prep5.csproj", "{15C5A1DD-32F2-45A6-8665-34FAD9E0CF72}"
EndProject
Project("{2150E333-8FDC-42A3-9474-1A3956D46DE8}") = "final", "final", "{5B0A16E6-FC55-47F7-8B35-D0A83C2350BB}"
EndProject
Project("{9A19103F-16F7-4668-BE54-9A1E7A4F7556}") = "FinalProject", "final\FinalProject\FinalProject.csproj", "{2507C6CE-D21F-43C9-84DF-0010A3F126E1}"
EndProject
Project("{9A19103F-16F7-4668-BE54-9A1E7A4F7556}") = "Foundation1", "final\Foundation1\Foundation1.csproj", "{28DB5257-4808-4BAC-8EBA-9107DB5B5118}"
EndProject
Project("{9A19103F-16F7-4668-BE54-9A1E7A4F7556}") = "Foundation2", "final\Foundation2\Foundation2.csproj", "{FC0D05EF-FB16-4BF5-826E-E1C6AE704F2D}"
EndProject
Project("{9A19103F-16F7-4668-BE54-9A1E7A4F7556}") = "Foundation3", "final\Foundation3\Foundation3.csproj", "{0CF4CE74-FEE9-47F0-A619-CCC9D51AF548}"
EndProject
Project("{9A19103F-16F7-4668-BE54-9A1E7A4F7556}") = "Foundation4", "final\Foundation4\Foundation4.csproj", "{10825AA6-0DD5-4F81-B531-4E314D3FA782}"
EndProject
Project("{2150E333-8FDC-42A3-9474-1A3956D46DE8}") = "prepare", "prepare", "{86E5BAC6-C47F-4595-8998-056AC43C16F1}"
EndProject
Project("{9A19103F-16F7-4668-BE54-9A1E7A4F7556}") = "Learning02", "prepare\Learning02\Learning02.csproj", "{995C1A61-979D-4E62-BA95-E5BA9474CF33}"
EndProject
Project("{9A19103F-16F7-4668-BE54-9A1E7A4F7556}") = "Learning03", "prepare\Learning03\Learning03.csproj", "{6D7A681A-B473-48D8-A7BB-F0E12FF2F329}"
EndProject
Project("{9A19103F-16F7-4668-BE54-9A1E7A4F7556}") = "Learning04", "prepare\Learning04\Learning04.csproj", "{DEAEF677-F235-4052-9430-99060F9B1D35}"
EndProject
Project("{9A19103F-16F7-4668-BE54-9A1E7A4F7556}") = "Learning05", "prepare\Learning05\Learning05.csproj", "{AC2F0C2B-00E7-4179-B8F4-863B1CAE6E3F}"
EndProject
Project("{2150E333-8FDC-42A3-9474-1A3956D46DE8}") = "prove", "prove", "{B8D6154F-415D-432E-96F1-F86316334151}"
EndProject
Project("{9A19103F-16F7-4668-BE54-9A1E7A4F7556}") = "Develop02", "prove\Develop02\Develop02.csproj", "{F6460E6B-786D-428D-8CD1-05B91B9E7EE3}"
EndProject
Project("{9A19103F-16F7-4668-BE54-9A1E7A4F7556}") = "Develop03", "prove\Develop03\Develop03.csproj", "{8687E90C-8EEB-47B6-B81D-82EBA8D3755D}"
EndProject
Project("{9A19103F-16F7-4668-BE54-9A1E7A4F7556}") = "Develop04", "prove\Develop04\Develop04.csproj", "{2FEBF4E9-E3F1-4BAA-8C0E-0BA5FECF5284}"
EndProject
Project("{9A19103F-16F7-4668-BE54-9A1E7A4F7556}") = "Develop05", "prove\Develop05\Develop05.csproj", "{1A62216D-5AE0-4A3F-87E9-9C2CD5DAE1DC}"
EndProject
Project("{2150E333-8FDC-42A3-9474-1A3956D46DE8}") = "sandbox", "sandbox", "{258993F1-C96B-4F58-876A-791169E7F9B5}"
EndProject
Project("{9A19103F-16F7-4668-BE54-9A1E7A4F7556}") = "Sandbox", "sandbox\Sandbox\Sandbox.csproj", "{B778FE16-EAA4-43DF-9044-2EF6D66F08FC}"
EndProject
Global
	GlobalSection(SolutionConfigurationPlatforms) = preSolution
		Debug|Any CPU = Debug|Any CPU
		Release|Any CPU = Release|Any CPU
	EndGlobalSection
	GlobalSection(ProjectConfigurationPlatforms) = postSolution
		{A0ADF508-AB1F-4016-A19A-A313A826BF16}.Debug|Any CPU.ActiveCfg = Debug|Any CPU
		{A0ADF508-AB1F-4016-A19A-A313A826BF16}.Debug|Any CPU.Build.0 = Debug|Any CPU
		{A0ADF508-AB1F-4016-A19A-A313A826BF16}.Release|Any CPU.ActiveCfg = Release|Any CPU
		{A0ADF508-AB1F-4016-A19A-A313A826BF16}.Release|Any CPU.Build.0 = Release|Any CPU
		{E5C93183-BE2B-4C74-AC74-F8E64A94BA29}.Debug|Any CPU.ActiveCfg = Debug|Any CPU
		{E5C93183-BE2B-4C74-AC74-F8E64A94BA29}.Debug|Any CPU.Build.0 = Debug|Any CPU
		{E5C93183-BE2B-4C74-AC74-F8E64A94BA29}.Release|Any CPU.ActiveCfg = Release|Any CPU
		{E5C93183-BE2B-4C74-AC74-F8E64A94BA29}.Release|Any CPU.Build.0 = Release|Any CPU
		{3A155BC4-86DA-4CE0-8CC7-85D5A913868D}.Debug|Any CPU.ActiveCfg = Debug|Any CPU
		{3A155BC4-86DA-4CE0-8CC7-85D5A913868D}.Debug|Any CPU.Build.0 = Debug|Any CPU
		{3A155BC4-86DA-4CE0-8CC7-85D5A913868D}.Release|Any CPU.ActiveCfg = Release|Any CPU
		{3A155BC4-86DA-4CE0-8CC7-85D5A913868D}.Release|Any CPU.Build.0 = Release|Any CPU
		{27A4D9D4-AA8A-45CD-A16A-A8D459DD462A}.Debug|Any CPU.ActiveCfg = Debug|Any CPU
		{27A4D9D4-AA8A-45CD-A16A-A8D459DD462A}.Debug|Any CPU.Build.0 = Debug|Any CPU
		{27A4D9D4-AA8A-45CD-A16A-A8D459DD462A}.Release|Any CPU.ActiveCfg = Release|Any CPU
		{27A4D9D4-AA8A-45CD-A16A-A8D459DD462A}.Release|Any CPU.Build.0 = Release|Any CPU
		{15C5A1DD-32F2-45A6-8665-34FAD9E0CF72}.Debug|Any CPU.ActiveCfg = Debug|Any CPU
		{15C5A1DD-32F2-45A6-8665-34FAD9E0CF72}.Debug|Any CPU.Build.0 = Debug|Any CPU
		{15C5A1DD-32F2-45A6-8665-34FAD9E0CF72}.Release|Any CPU.ActiveCfg = Release|Any CPU
		{15C5A1DD-32F2-45A6-8665-34FAD9E0CF72}.Release|Any CPU.Build.0 = Release|Any CPU
		{2507C6CE-D21F-43C9-84DF-0010A3F126E1}.Debug|Any CPU.ActiveCfg = Debug|Any CPU
		{2507C6CE-D21F-43C9-84DF-0010A3F126E1}.Debug|Any CPU.Build.0 = Debug|Any CPU
		{2507C6CE-D21F-43C9-84DF-0010A3F126E1}.Release|Any CPU.ActiveCfg = Release|Any CPU
		{2507C6CE-D21F-43C9-84DF-0010A3F126E1}.Release|Any CPU.Build.0 = Release|Any CPU
		{28DB5257-4808-4BAC-8EBA-9107DB5B5118}.Debug|Any CPU.ActiveCfg = Debug|Any CPU
		{28DB5257-4808-4BAC-8EBA-9107DB5B5118}.Debug|Any CPU.Build.0 = Debug|Any CPU
		{28DB5257-4808-4BAC-8EBA-9107DB5B5118}.Release|Any CPU.ActiveCfg = Release|Any CPU
		{28DB5257-4808-4BAC-8EBA-9107DB5B5118}.Release|Any CPU.Build.0 = Release|Any CPU
		{FC0D05EF-FB16-4BF5-826E-E1C6AE704F2D}.Debug|Any CPU.ActiveCfg = Debug|Any CPU
		{FC0D05EF-FB16-4BF5-826E-E1C6AE704F2D}.Debug|Any CPU.Build.0 = Debug|Any CPU
		{FC0D05EF-FB16-4BF5-826E-E1C6AE704F2D}.Release|Any CPU.ActiveCfg = Release|Any CPU
		{FC0D05EF-FB16-4BF5-826E-E1C6AE704F2D}.Release|Any CPU.Build.0 = Release|Any CPU
		{0CF4CE74-FEE9-47F0-A619-CCC9D51AF548}.Debug|Any CPU.ActiveCfg = Debug|Any CPU
		{0CF4CE74-FEE9-47F0-A619-CCC9D51AF548}.Debug|Any CPU.Build.0 = Debug|Any CPU
		{0CF4CE74-FEE9-47F0-A619-CCC9D51AF548}.Release|Any CPU.ActiveCfg = Release|Any CPU
		{0CF4CE74-FEE9-47F0-A619-CCC9D51AF548}.Release|Any CPU.Build.0 = Release|Any CPU
		{10825AA6-0DD5-4F81-B531-4E314D3FA782}.Debug|Any CPU.ActiveCfg = Debug|Any CPU
		{10825AA6-0DD5-4F81-B531-4E314D3FA782}.Debug|Any CPU.Build.0 = Debug|Any CPU
		{10825AA6-0DD5-4F81-B531-4E314D3FA782}.Release|Any CPU.ActiveCfg = Release|Any CPU
		{10825AA6-0DD5-4F81-B531-4E314D3FA782}.Release|Any CPU.Build.0 = Release|Any CPU
		{995C1A61-979D-4E62-BA95-E5BA9474CF33}.Debug|Any CPU.ActiveCfg = Debug|Any CPU
		{995C1A61-979D-4E62-BA95-E5BA9474CF33}.Debug|Any CPU.Build.0 = Debug|Any CPU
		{995C1A61-979D-4E62-BA95-E5BA9474CF33}.Release|Any CPU.ActiveCfg = Release|Any CPU
		{995C1A61-979D-4E62-BA95-E5BA9474CF33}.Release|Any CPU.Build.0 = Release|Any CPU
		{6D7A681A-B473-48D8-A7BB-F0E12FF2F329}.Debug|Any CPU.ActiveCfg = Debug|Any CPU
		{6D7A681A-B473-48D8-A7BB-F0E12FF2F329}.Debug|Any CPU.Build.0 = Debug|Any CPU
		{6D7A681A-B473-48D8-A7BB-F0E12FF2F329}.Release|Any CPU.ActiveCfg = Release|Any CPU
		{6D7A681A-B473-48D8-A7BB-F0E12FF2F329}.Release|Any CPU.Build.0 = Release|Any CPU
		{DEAEF677-F235-4052-9430-99060F9B1D35}.Debug|Any CPU.ActiveCfg = Debug|Any CPU
		{DEAEF677-F235-4052-9430-99060F9B1D35}.Debug|Any CPU.Build.0 = Debug|Any CPU
		{DEAEF677-F235-4052-9430-99060F9B1D35}.Release|Any CPU.ActiveCfg = Release|Any CPU
		{DEAEF677-F235-4052-9430-99060F9B1D35}.Release|Any CPU.Build.0 = Release|Any CPU
		{AC2F0C2B-00E7-4179-B8F4-863B1CAE6E3F}.Debug|Any CPU.ActiveCfg = Debug|Any CPU
		{AC2F0C2B-00E7-4179-B8F4-863B1CAE6E3F}.Debug|Any CPU.Build.0 = Debug|Any CPU
		{AC2F0C2B-00E7-4179-B8F4-863B1CAE6E3F}.Release|Any CPU.ActiveCfg = Release|Any CPU
		{AC2F0C2B-00E7-4179-B8F4-863B1CAE6E3F}.Release|Any CPU.Build.0 = Release|Any CPU
		{F6460E6B-786D-428D-8CD1-05B91B9E7EE3}.Debug|Any CPU.ActiveCfg = Debug|Any CPU
		{F6460E6B-786D-428D-8CD1-05B91B9E7EE3}.Debug|Any CPU.Build.0 = Debug|Any CPU
		{F6460E6B-786D-428D-8CD1-05B91B9E7EE3}.Release|Any CPU.ActiveCfg = Release|Any CPU
		{F6460E6B-786D-428D-8CD1-05B91B9E7EE3}.Release|Any CPU.Build.0 = Release|Any CPU
		{8687E90C-8EEB-47B6-B81D-82EBA8D3755D}.Debug|Any CPU.ActiveCfg = Debug|Any CPU
		{8687E90C-8EEB-47B6-B81D-82EBA8D3755D}.Debug|Any CPU.Build.0 = Debug|Any CPU
		{8687E90C-8EEB-47B6-B81D-82EBA8D3755D}.Release|Any CPU.ActiveCfg = Release|Any CPU
		{8687E90C-8EEB-47B6-B81D-82EBA8D3755D}.Release|Any CPU.Build.0 = Release|Any CPU
		{2FEBF4E9-E3F1-4BAA-8C0E-0BA5FECF5284}.Debug|Any CPU.ActiveCfg = Debug|Any CPU
		{2FEBF4E9-E3F1-4BAA-8C0E-0BA5FECF5284}.Debug|Any CPU.Build.0 = Debug|Any CPU
		{2FEBF4E9-E3F1-4BAA-8C0E-0BA5FECF5284}.Release|Any CPU.ActiveCfg = Release|Any CPU
		{2FEBF4E9-E3F1-4BAA-8C0E-0BA5FECF5284}.Release|Any CPU.Build.0 = Release|Any CPU
		{1A62216D-5AE0-4A3F-87E9-9C2CD5DAE1DC}.Debug|Any CPU.ActiveCfg = Debug|Any CPU
		{1A62216D-5AE0-4A3F-87E9-9C2CD5DAE1DC}.Debug|Any CPU.Build.0 = Debug|Any CPU
		{1A62216D-5AE0-4A3F-87E9-9C2CD5DAE1DC}.Release|Any CPU.ActiveCfg = Release|Any CPU
		{1A62216D-5AE0-4A3F-87E9-9C2CD5DAE1DC}.Release|Any CPU.Build.0 = Release|Any CPU
		{B778FE16-EAA4-43DF-9044-2EF6D66F08FC}.Debug|Any CPU.ActiveCfg = Debug|Any CPU
		{B778FE16-EAA4-43DF-9044-2EF6D66F08FC}.Debug|Any CPU.Build.0 = Debug|Any CPU
		{B778FE16-EAA4-43DF-9044-2EF6D66F08FC}.Release|Any CPU.ActiveCfg = Release|Any CPU
		{B778FE16-EAA4-43DF-9044-2EF6D66F08FC}.Release|Any CPU.Build.0 = Release|Any CPU
	EndGlobalSection
	GlobalSection(SolutionProperties) = preSolution
		HideSolutionNode = FALSE
	EndGlobalSection
	GlobalSection(NestedProjects) = preSolution
		{A0ADF508-AB1F-4016-A19A-A313A826BF16} = {A733700C-142B-4F5D-B08F-D4EB08BFDC33}
		{E5C93183-BE2B-4C74-AC74-F8E64A94BA29} = {A733700C-142B-4F5D-B08F-D4EB08BFDC33}
		{3A155BC4-86DA-4CE0-8CC7-85D5A913868D} = {A733700C-142B-4F5D-B08F-D4EB08BFDC33}
		{27A4D9D4-AA8A-45CD-A16A-A8D459DD462A} = {A733700C-142B-4F5D-B08F-D4EB08BFDC33}
		{15C5A1DD-32F2-45A6-8665-34FAD9E0CF72} = {A733700C-142B-4F5D-B08F-D4EB08BFDC33}
		{2507C6CE-D21F-43C9-84DF-0010A3F126E1} = {5B0A16E6-FC55-47F7-8B35-D0A83C2350BB}
		{28DB5257-4808-4BAC-8EBA-9107DB5B5118} = {5B0A16E6-FC55-47F7-8B35-D0A83C2350BB}
		{FC0D05EF-FB16-4BF5-826E-E1C6AE704F2D} = {5B0A16E6-FC55-47F7-8B35-D0A83C2350BB}
		{0CF4CE74-FEE9-47F0-A619-CCC9D51AF548} = {5B0A16E6-FC55-47F7-8B35-D0A83C2350BB}
		{10825AA6-0DD5-4F81-B531-4E314D3FA782} = {5B0A16E6-FC55-47F7-8B35-D0A83C2350BB}
		{995C1A61-979D-4E62-BA95-E5BA9474CF33} = {86E5BAC6-C47F-4595-8998-056AC43C16F1}
		{6D7A681A-B473-48D8-A7BB-F0E12FF2F329} = {86E5BAC6-C47F-4595-8998-056AC43C16F1}
		{DEAEF677-F235-4052-9430-99060F9B1D35} = {86E5BAC6-C47F-4595-8998-056AC43C16F1}
		{AC2F0C2B-00E7-4179-B8F4-863B1CAE6E3F} = {86E5BAC6-C47F-4595-8998-056AC43C16F1}
		{F6460E6B-786D-428D-8CD1-05B91B9E7EE3} = {B8D6154F-415D-432E-96F1-F86316334151}
		{8687E90C-8EEB-47B6-B81D-82EBA8D3755D} = {B8D6154F-415D-432E-96F1-F86316334151}
		{2FEBF4E9-E3F1-4BAA-8C0E-0BA5FECF5284} = {B8D6154F-415D-432E-96F1-F86316334151}
		{1A62216D-5AE0-4A3F-87E9-9C2CD5DAE1DC} = {B8D6154F-415D-432E-96F1-F86316334151}
		{B778FE16-EAA4-43DF-9044-2EF6D66F08FC} = {258993F1-C96B-4F58-876A-791169E7F9B5}
	EndGlobalSection
	GlobalSection(ExtensibilityGlobals) = postSolution
		SolutionGuid = {3A8F2B99-B6B9-4E38-839B-2618E675E234}
	EndGlobalSection
EndGlobal
